
Microsoft Visual Studio Solution File, Format Version 12.00
# Visual Studio 2012
Project("{8BC9CEB8-8B4A-11D0-8D11-00A0C91BC942}") = "desktopsnake", "desktopsnake\desktopsnake.vcxproj", "{35FF51D4-F9C5-4DEF-9FF1-5991B91EBA3A}"
EndProject
Global
	GlobalSection(SolutionConfigurationPlatforms) = preSolution
		Debug|Win32 = Debug|Win32
		Release|Win32 = Release|Win32
	EndGlobalSection
	GlobalSection(ProjectConfigurationPlatforms) = postSolution
		{35FF51D4-F9C5-4DEF-9FF1-5991B91EBA3A}.Debug|Win32.ActiveCfg = Debug|Win32
		{35FF51D4-F9C5-4DEF-9FF1-5991B91EBA3A}.Debug|Win32.Build.0 = Debug|Win32
		{35FF51D4-F9C5-4DEF-9FF1-5991B91EBA3A}.Release|Win32.ActiveCfg = Release|Win32
		{35FF51D4-F9C5-4DEF-9FF1-5991B91EBA3A}.Release|Win32.Build.0 = Release|Win32
	EndGlobalSection
	GlobalSection(SolutionProperties) = preSolution
		HideSolutionNode = FALSE
	EndGlobalSection
EndGlobal
